{
  "name": "hyperapp-101",
  "version": "1.0.0",
  "lockfileVersion": 3,
  "requires": true,
  "packages": {
    "": {
      "name": "hyperapp-101",
      "version": "1.0.0",
      "license": "ISC",
      "dependencies": {
        "hyperapp": "1.0.0"
      }
    },
    "node_modules/hyperapp": {
      "version": "1.0.0",
      "resolved": "https://registry.npmjs.org/hyperapp/-/hyperapp-1.0.0.tgz",
      "integrity": "sha512-S+t3pcQGS09vKc15fOKWQJVQUtyX8q4bHjQzazMCOQueTAHPY0+UvU3KValnjT+qbhuxrJVcEEY0dbzT7AcTFA==",
      "deprecated": "The Times They Are a-Changin. Please upgrade to Hyperapp 2"
    }
  }
}
